// !$*UTF8*$!
{
	archiveVersion = 1;
	classes = {
	};
	objectVersion = 46;
	objects = {

/* Begin PBXBuildFile section */
		6529390719B378090047D238 /* Foundation.framework in Frameworks */ = {isa = PBXBuildFile; fileRef = 6529390619B378090047D238 /* Foundation.framework */; };
		6529390919B378090047D238 /* CoreGraphics.framework in Frameworks */ = {isa = PBXBuildFile; fileRef = 6529390819B378090047D238 /* CoreGraphics.framework */; };
		6529390B19B378090047D238 /* UIKit.framework in Frameworks */ = {isa = PBXBuildFile; fileRef = 6529390A19B378090047D238 /* UIKit.framework */; };
		6529391119B378090047D238 /* InfoPlist.strings in Resources */ = {isa = PBXBuildFile; fileRef = 6529390F19B378090047D238 /* InfoPlist.strings */; };
		6529391319B378090047D238 /* main.m in Sources */ = {isa = PBXBuildFile; fileRef = 6529391219B378090047D238 /* main.m */; };
		6529391719B378090047D238 /* BLAppDelegate.m in Sources */ = {isa = PBXBuildFile; fileRef = 6529391619B378090047D238 /* BLAppDelegate.m */; };
		6529392019B378090047D238 /* XCTest.framework in Frameworks */ = {isa = PBXBuildFile; fileRef = 6529391F19B378090047D238 /* XCTest.framework */; };
		6529392119B378090047D238 /* Foundation.framework in Frameworks */ = {isa = PBXBuildFile; fileRef = 6529390619B378090047D238 /* Foundation.framework */; };
		6529392219B378090047D238 /* UIKit.framework in Frameworks */ = {isa = PBXBuildFile; fileRef = 6529390A19B378090047D238 /* UIKit.framework */; };
		6529392A19B378090047D238 /* InfoPlist.strings in Resources */ = {isa = PBXBuildFile; fileRef = 6529392819B378090047D238 /* InfoPlist.strings */; };
		6529392C19B378090047D238 /* ProjectTests.m in Sources */ = {isa = PBXBuildFile; fileRef = 6529392B19B378090047D238 /* ProjectTests.m */; };
		65A0B4D519B379B800691AF5 /* Bolts.framework in Frameworks */ = {isa = PBXBuildFile; fileRef = 65A0B4D219B379B800691AF5 /* Bolts.framework */; };
		65A0B4D619B379B800691AF5 /* Parse.framework in Frameworks */ = {isa = PBXBuildFile; fileRef = 65A0B4D319B379B800691AF5 /* Parse.framework */; };
		65A0B4D719B379B800691AF5 /* ParseFacebookUtils.framework in Frameworks */ = {isa = PBXBuildFile; fileRef = 65A0B4D419B379B800691AF5 /* ParseFacebookUtils.framework */; };
		65B32A0119CA3BFD00937D6B /* NSFileManager+Goodies.m in Sources */ = {isa = PBXBuildFile; fileRef = 65B32A0019CA3BFD00937D6B /* NSFileManager+Goodies.m */; };
		65FA94E319B3D7930046A13E /* FacebookSDK.framework in Frameworks */ = {isa = PBXBuildFile; fileRef = 65FA94E219B3D7930046A13E /* FacebookSDK.framework */; };
		65FA993719B4086F0046A13E /* BLObject.m in Sources */ = {isa = PBXBuildFile; fileRef = 65FA98F219B4086F0046A13E /* BLObject.m */; };
		65FA993819B4086F0046A13E /* NSObject+Goodies.m in Sources */ = {isa = PBXBuildFile; fileRef = 65FA98F419B4086F0046A13E /* NSObject+Goodies.m */; };
		65FA993919B4086F0046A13E /* BLTableViewController.m in Sources */ = {isa = PBXBuildFile; fileRef = 65FA98FA19B4086F0046A13E /* BLTableViewController.m */; };
		65FA993A19B4086F0046A13E /* BLViewController.m in Sources */ = {isa = PBXBuildFile; fileRef = 65FA98FC19B4086F0046A13E /* BLViewController.m */; };
		65FA993B19B4086F0046A13E /* BLDatabase.m in Sources */ = {isa = PBXBuildFile; fileRef = 65FA98FF19B4086F0046A13E /* BLDatabase.m */; };
		65FA993C19B4086F0046A13E /* BLGoodies.strings in Resources */ = {isa = PBXBuildFile; fileRef = 65FA990019B4086F0046A13E /* BLGoodies.strings */; };
		65FA993D19B4086F0046A13E /* BLInternet.m in Sources */ = {isa = PBXBuildFile; fileRef = 65FA990419B4086F0046A13E /* BLInternet.m */; };
		65FA993E19B4086F0046A13E /* Reachability.m in Sources */ = {isa = PBXBuildFile; fileRef = 65FA990619B4086F0046A13E /* Reachability.m */; };
		65FA993F19B4086F0046A13E /* BLPageControl.m in Sources */ = {isa = PBXBuildFile; fileRef = 65FA990919B4086F0046A13E /* BLPageControl.m */; };
		65FA994019B4086F0046A13E /* BLParseObject.m in Sources */ = {isa = PBXBuildFile; fileRef = 65FA990C19B4086F0046A13E /* BLParseObject.m */; };
		65FA994119B4086F0046A13E /* BLParseUser.m in Sources */ = {isa = PBXBuildFile; fileRef = 65FA990E19B4086F0046A13E /* BLParseUser.m */; };
		65FA994219B4086F0046A13E /* PFCloud+BLCloud.m in Sources */ = {isa = PBXBuildFile; fileRef = 65FA991019B4086F0046A13E /* PFCloud+BLCloud.m */; };
		65FA994319B4086F0046A13E /* PFObject+BLObject.m in Sources */ = {isa = PBXBuildFile; fileRef = 65FA991219B4086F0046A13E /* PFObject+BLObject.m */; };
		65FA994419B4086F0046A13E /* PFRole+BLRole.m in Sources */ = {isa = PBXBuildFile; fileRef = 65FA991419B4086F0046A13E /* PFRole+BLRole.m */; };
		65FA994519B4086F0046A13E /* BLPlayer.m in Sources */ = {isa = PBXBuildFile; fileRef = 65FA991719B4086F0046A13E /* BLPlayer.m */; };
		65FA994619B4086F0046A13E /* BLVideoView.m in Sources */ = {isa = PBXBuildFile; fileRef = 65FA991B19B4086F0046A13E /* BLVideoView.m */; };
		65FA994719B4086F0046A13E /* BLQueuer.m in Sources */ = {isa = PBXBuildFile; fileRef = 65FA991E19B4086F0046A13E /* BLQueuer.m */; };
		65FA994819B4086F0046A13E /* BLCityTextField.m in Sources */ = {isa = PBXBuildFile; fileRef = 65FA992119B4086F0046A13E /* BLCityTextField.m */; };
		65FA994919B4086F0046A13E /* BLEmailTextField.m in Sources */ = {isa = PBXBuildFile; fileRef = 65FA992319B4086F0046A13E /* BLEmailTextField.m */; };
		65FA994A19B4086F0046A13E /* BLNameTextField.m in Sources */ = {isa = PBXBuildFile; fileRef = 65FA992519B4086F0046A13E /* BLNameTextField.m */; };
		65FA994B19B4086F0046A13E /* BLPasswordTextField.m in Sources */ = {isa = PBXBuildFile; fileRef = 65FA992719B4086F0046A13E /* BLPasswordTextField.m */; };
		65FA994C19B4086F0046A13E /* BLPhoneNumberTextField.m in Sources */ = {isa = PBXBuildFile; fileRef = 65FA992919B4086F0046A13E /* BLPhoneNumberTextField.m */; };
		65FA994D19B4086F0046A13E /* BLPostalCodeTextField.m in Sources */ = {isa = PBXBuildFile; fileRef = 65FA992B19B4086F0046A13E /* BLPostalCodeTextField.m */; };
		65FA994E19B4086F0046A13E /* BLStateTextField.m in Sources */ = {isa = PBXBuildFile; fileRef = 65FA992D19B4086F0046A13E /* BLStateTextField.m */; };
		65FA994F19B4086F0046A13E /* BLTextField.m in Sources */ = {isa = PBXBuildFile; fileRef = 65FA992F19B4086F0046A13E /* BLTextField.m */; };
		65FA995019B4086F0046A13E /* BLTextViewController.m in Sources */ = {isa = PBXBuildFile; fileRef = 65FA993119B4086F0046A13E /* BLTextViewController.m */; };
		65FA995119B4086F0046A13E /* NSString+BLText.m in Sources */ = {isa = PBXBuildFile; fileRef = 65FA993319B4086F0046A13E /* NSString+BLText.m */; };
		65FA995219B4086F0046A13E /* BLInternetLabel.m in Sources */ = {isa = PBXBuildFile; fileRef = 65FA993619B4086F0046A13E /* BLInternetLabel.m */; };
/* End PBXBuildFile section */

/* Begin PBXContainerItemProxy section */
		6529392319B378090047D238 /* PBXContainerItemProxy */ = {
			isa = PBXContainerItemProxy;
			containerPortal = 652938FB19B378090047D238 /* Project object */;
			proxyType = 1;
			remoteGlobalIDString = 6529390219B378090047D238;
			remoteInfo = Project;
		};
/* End PBXContainerItemProxy section */

/* Begin PBXFileReference section */
		6529390319B378090047D238 /* Project.app */ = {isa = PBXFileReference; explicitFileType = wrapper.application; includeInIndex = 0; path = Project.app; sourceTree = BUILT_PRODUCTS_DIR; };
		6529390619B378090047D238 /* Foundation.framework */ = {isa = PBXFileReference; lastKnownFileType = wrapper.framework; name = Foundation.framework; path = System/Library/Frameworks/Foundation.framework; sourceTree = SDKROOT; };
		6529390819B378090047D238 /* CoreGraphics.framework */ = {isa = PBXFileReference; lastKnownFileType = wrapper.framework; name = CoreGraphics.framework; path = System/Library/Frameworks/CoreGraphics.framework; sourceTree = SDKROOT; };
		6529390A19B378090047D238 /* UIKit.framework */ = {isa = PBXFileReference; lastKnownFileType = wrapper.framework; name = UIKit.framework; path = System/Library/Frameworks/UIKit.framework; sourceTree = SDKROOT; };
		6529390E19B378090047D238 /* Project-Info.plist */ = {isa = PBXFileReference; lastKnownFileType = text.plist.xml; path = "Project-Info.plist"; sourceTree = "<group>"; };
		6529391019B378090047D238 /* en */ = {isa = PBXFileReference; lastKnownFileType = text.plist.strings; name = en; path = en.lproj/InfoPlist.strings; sourceTree = "<group>"; };
		6529391219B378090047D238 /* main.m */ = {isa = PBXFileReference; lastKnownFileType = sourcecode.c.objc; path = main.m; sourceTree = "<group>"; };
		6529391419B378090047D238 /* Project-Prefix.pch */ = {isa = PBXFileReference; lastKnownFileType = sourcecode.c.h; path = "Project-Prefix.pch"; sourceTree = "<group>"; };
		6529391519B378090047D238 /* BLAppDelegate.h */ = {isa = PBXFileReference; lastKnownFileType = sourcecode.c.h; path = BLAppDelegate.h; sourceTree = "<group>"; };
		6529391619B378090047D238 /* BLAppDelegate.m */ = {isa = PBXFileReference; lastKnownFileType = sourcecode.c.objc; path = BLAppDelegate.m; sourceTree = "<group>"; };
		6529391E19B378090047D238 /* ProjectTests.xctest */ = {isa = PBXFileReference; explicitFileType = wrapper.cfbundle; includeInIndex = 0; path = ProjectTests.xctest; sourceTree = BUILT_PRODUCTS_DIR; };
		6529391F19B378090047D238 /* XCTest.framework */ = {isa = PBXFileReference; lastKnownFileType = wrapper.framework; name = XCTest.framework; path = Library/Frameworks/XCTest.framework; sourceTree = DEVELOPER_DIR; };
		6529392719B378090047D238 /* ProjectTests-Info.plist */ = {isa = PBXFileReference; lastKnownFileType = text.plist.xml; path = "ProjectTests-Info.plist"; sourceTree = "<group>"; };
		6529392919B378090047D238 /* en */ = {isa = PBXFileReference; lastKnownFileType = text.plist.strings; name = en; path = en.lproj/InfoPlist.strings; sourceTree = "<group>"; };
		6529392B19B378090047D238 /* ProjectTests.m */ = {isa = PBXFileReference; lastKnownFileType = sourcecode.c.objc; path = ProjectTests.m; sourceTree = "<group>"; };
		65A0B4D219B379B800691AF5 /* Bolts.framework */ = {isa = PBXFileReference; lastKnownFileType = wrapper.framework; name = Bolts.framework; path = "../../../07_extensões/Parse/Bolts.framework"; sourceTree = "<group>"; };
		65A0B4D319B379B800691AF5 /* Parse.framework */ = {isa = PBXFileReference; lastKnownFileType = wrapper.framework; name = Parse.framework; path = "../../../07_extensões/Parse/Parse.framework"; sourceTree = "<group>"; };
		65A0B4D419B379B800691AF5 /* ParseFacebookUtils.framework */ = {isa = PBXFileReference; lastKnownFileType = wrapper.framework; name = ParseFacebookUtils.framework; path = "../../../07_extensões/Parse/ParseFacebookUtils.framework"; sourceTree = "<group>"; };
		65B329FF19CA3BFD00937D6B /* NSFileManager+Goodies.h */ = {isa = PBXFileReference; fileEncoding = 4; lastKnownFileType = sourcecode.c.h; path = "NSFileManager+Goodies.h"; sourceTree = "<group>"; };
		65B32A0019CA3BFD00937D6B /* NSFileManager+Goodies.m */ = {isa = PBXFileReference; fileEncoding = 4; lastKnownFileType = sourcecode.c.objc; path = "NSFileManager+Goodies.m"; sourceTree = "<group>"; };
		65CD32EF19BD49B90016E600 /* pt */ = {isa = PBXFileReference; lastKnownFileType = text.plist.strings; name = pt; path = pt.lproj/BLGoodies.strings; sourceTree = "<group>"; };
		65CD32F019BD49B90016E600 /* pt */ = {isa = PBXFileReference; lastKnownFileType = text.plist.strings; name = pt; path = pt.lproj/InfoPlist.strings; sourceTree = "<group>"; };
		65CD32F119BD49B90016E600 /* pt */ = {isa = PBXFileReference; lastKnownFileType = text.plist.strings; name = pt; path = pt.lproj/InfoPlist.strings; sourceTree = "<group>"; };
		65FA94E219B3D7930046A13E /* FacebookSDK.framework */ = {isa = PBXFileReference; lastKnownFileType = wrapper.framework; name = FacebookSDK.framework; path = "../../../08_github/facebook-ios-sdk/build/FacebookSDK.framework"; sourceTree = "<group>"; };
		65FA98F119B4086F0046A13E /* BLObject.h */ = {isa = PBXFileReference; fileEncoding = 4; lastKnownFileType = sourcecode.c.h; path = BLObject.h; sourceTree = "<group>"; };
		65FA98F219B4086F0046A13E /* BLObject.m */ = {isa = PBXFileReference; fileEncoding = 4; lastKnownFileType = sourcecode.c.objc; path = BLObject.m; sourceTree = "<group>"; };
		65FA98F319B4086F0046A13E /* NSObject+Goodies.h */ = {isa = PBXFileReference; fileEncoding = 4; lastKnownFileType = sourcecode.c.h; path = "NSObject+Goodies.h"; sourceTree = "<group>"; };
		65FA98F419B4086F0046A13E /* NSObject+Goodies.m */ = {isa = PBXFileReference; fileEncoding = 4; lastKnownFileType = sourcecode.c.objc; path = "NSObject+Goodies.m"; sourceTree = "<group>"; };
		65FA98F519B4086F0046A13E /* BLDefines.h */ = {isa = PBXFileReference; fileEncoding = 4; lastKnownFileType = sourcecode.c.h; path = BLDefines.h; sourceTree = "<group>"; };
		65FA98F619B4086F0046A13E /* BLGoodies.pch */ = {isa = PBXFileReference; fileEncoding = 4; lastKnownFileType = sourcecode.c.h; path = BLGoodies.pch; sourceTree = "<group>"; };
		65FA98F719B4086F0046A13E /* BLLogger.h */ = {isa = PBXFileReference; fileEncoding = 4; lastKnownFileType = sourcecode.c.h; path = BLLogger.h; sourceTree = "<group>"; };
		65FA98F919B4086F0046A13E /* BLTableViewController.h */ = {isa = PBXFileReference; fileEncoding = 4; lastKnownFileType = sourcecode.c.h; path = BLTableViewController.h; sourceTree = "<group>"; };
		65FA98FA19B4086F0046A13E /* BLTableViewController.m */ = {isa = PBXFileReference; fileEncoding = 4; lastKnownFileType = sourcecode.c.objc; path = BLTableViewController.m; sourceTree = "<group>"; };
		65FA98FB19B4086F0046A13E /* BLViewController.h */ = {isa = PBXFileReference; fileEncoding = 4; lastKnownFileType = sourcecode.c.h; path = BLViewController.h; sourceTree = "<group>"; };
		65FA98FC19B4086F0046A13E /* BLViewController.m */ = {isa = PBXFileReference; fileEncoding = 4; lastKnownFileType = sourcecode.c.objc; path = BLViewController.m; sourceTree = "<group>"; };
		65FA98FE19B4086F0046A13E /* BLDatabase.h */ = {isa = PBXFileReference; fileEncoding = 4; lastKnownFileType = sourcecode.c.h; path = BLDatabase.h; sourceTree = "<group>"; };
		65FA98FF19B4086F0046A13E /* BLDatabase.m */ = {isa = PBXFileReference; fileEncoding = 4; lastKnownFileType = sourcecode.c.objc; path = BLDatabase.m; sourceTree = "<group>"; };
		65FA990119B4086F0046A13E /* en */ = {isa = PBXFileReference; lastKnownFileType = text.plist.strings; name = en; path = en.lproj/BLGoodies.strings; sourceTree = "<group>"; };
		65FA990319B4086F0046A13E /* BLInternet.h */ = {isa = PBXFileReference; fileEncoding = 4; lastKnownFileType = sourcecode.c.h; path = BLInternet.h; sourceTree = "<group>"; };
		65FA990419B4086F0046A13E /* BLInternet.m */ = {isa = PBXFileReference; fileEncoding = 4; lastKnownFileType = sourcecode.c.objc; path = BLInternet.m; sourceTree = "<group>"; };
		65FA990519B4086F0046A13E /* Reachability.h */ = {isa = PBXFileReference; fileEncoding = 4; lastKnownFileType = sourcecode.c.h; path = Reachability.h; sourceTree = "<group>"; };
		65FA990619B4086F0046A13E /* Reachability.m */ = {isa = PBXFileReference; fileEncoding = 4; lastKnownFileType = sourcecode.c.objc; path = Reachability.m; sourceTree = "<group>"; };
		65FA990819B4086F0046A13E /* BLPageControl.h */ = {isa = PBXFileReference; fileEncoding = 4; lastKnownFileType = sourcecode.c.h; path = BLPageControl.h; sourceTree = "<group>"; };
		65FA990919B4086F0046A13E /* BLPageControl.m */ = {isa = PBXFileReference; fileEncoding = 4; lastKnownFileType = sourcecode.c.objc; path = BLPageControl.m; sourceTree = "<group>"; };
		65FA990B19B4086F0046A13E /* BLParseObject.h */ = {isa = PBXFileReference; fileEncoding = 4; lastKnownFileType = sourcecode.c.h; path = BLParseObject.h; sourceTree = "<group>"; };
		65FA990C19B4086F0046A13E /* BLParseObject.m */ = {isa = PBXFileReference; fileEncoding = 4; lastKnownFileType = sourcecode.c.objc; path = BLParseObject.m; sourceTree = "<group>"; };
		65FA990D19B4086F0046A13E /* BLParseUser.h */ = {isa = PBXFileReference; fileEncoding = 4; lastKnownFileType = sourcecode.c.h; path = BLParseUser.h; sourceTree = "<group>"; };
		65FA990E19B4086F0046A13E /* BLParseUser.m */ = {isa = PBXFileReference; fileEncoding = 4; lastKnownFileType = sourcecode.c.objc; path = BLParseUser.m; sourceTree = "<group>"; };
		65FA990F19B4086F0046A13E /* PFCloud+BLCloud.h */ = {isa = PBXFileReference; fileEncoding = 4; lastKnownFileType = sourcecode.c.h; path = "PFCloud+BLCloud.h"; sourceTree = "<group>"; };
		65FA991019B4086F0046A13E /* PFCloud+BLCloud.m */ = {isa = PBXFileReference; fileEncoding = 4; lastKnownFileType = sourcecode.c.objc; path = "PFCloud+BLCloud.m"; sourceTree = "<group>"; };
		65FA991119B4086F0046A13E /* PFObject+BLObject.h */ = {isa = PBXFileReference; fileEncoding = 4; lastKnownFileType = sourcecode.c.h; path = "PFObject+BLObject.h"; sourceTree = "<group>"; };
		65FA991219B4086F0046A13E /* PFObject+BLObject.m */ = {isa = PBXFileReference; fileEncoding = 4; lastKnownFileType = sourcecode.c.objc; path = "PFObject+BLObject.m"; sourceTree = "<group>"; };
		65FA991319B4086F0046A13E /* PFRole+BLRole.h */ = {isa = PBXFileReference; fileEncoding = 4; lastKnownFileType = sourcecode.c.h; path = "PFRole+BLRole.h"; sourceTree = "<group>"; };
		65FA991419B4086F0046A13E /* PFRole+BLRole.m */ = {isa = PBXFileReference; fileEncoding = 4; lastKnownFileType = sourcecode.c.objc; path = "PFRole+BLRole.m"; sourceTree = "<group>"; };
		65FA991619B4086F0046A13E /* BLPlayer.h */ = {isa = PBXFileReference; fileEncoding = 4; lastKnownFileType = sourcecode.c.h; path = BLPlayer.h; sourceTree = "<group>"; };
		65FA991719B4086F0046A13E /* BLPlayer.m */ = {isa = PBXFileReference; fileEncoding = 4; lastKnownFileType = sourcecode.c.objc; path = BLPlayer.m; sourceTree = "<group>"; };
		65FA991819B4086F0046A13E /* BLPlayerControls.h */ = {isa = PBXFileReference; fileEncoding = 4; lastKnownFileType = sourcecode.c.h; path = BLPlayerControls.h; sourceTree = "<group>"; };
		65FA991919B4086F0046A13E /* BLPlayerDelegate.h */ = {isa = PBXFileReference; fileEncoding = 4; lastKnownFileType = sourcecode.c.h; path = BLPlayerDelegate.h; sourceTree = "<group>"; };
		65FA991A19B4086F0046A13E /* BLVideoView.h */ = {isa = PBXFileReference; fileEncoding = 4; lastKnownFileType = sourcecode.c.h; path = BLVideoView.h; sourceTree = "<group>"; };
		65FA991B19B4086F0046A13E /* BLVideoView.m */ = {isa = PBXFileReference; fileEncoding = 4; lastKnownFileType = sourcecode.c.objc; path = BLVideoView.m; sourceTree = "<group>"; };
		65FA991D19B4086F0046A13E /* BLQueuer.h */ = {isa = PBXFileReference; fileEncoding = 4; lastKnownFileType = sourcecode.c.h; path = BLQueuer.h; sourceTree = "<group>"; };
		65FA991E19B4086F0046A13E /* BLQueuer.m */ = {isa = PBXFileReference; fileEncoding = 4; lastKnownFileType = sourcecode.c.objc; path = BLQueuer.m; sourceTree = "<group>"; };
		65FA992019B4086F0046A13E /* BLCityTextField.h */ = {isa = PBXFileReference; fileEncoding = 4; lastKnownFileType = sourcecode.c.h; path = BLCityTextField.h; sourceTree = "<group>"; };
		65FA992119B4086F0046A13E /* BLCityTextField.m */ = {isa = PBXFileReference; fileEncoding = 4; lastKnownFileType = sourcecode.c.objc; path = BLCityTextField.m; sourceTree = "<group>"; };
		65FA992219B4086F0046A13E /* BLEmailTextField.h */ = {isa = PBXFileReference; fileEncoding = 4; lastKnownFileType = sourcecode.c.h; path = BLEmailTextField.h; sourceTree = "<group>"; };
		65FA992319B4086F0046A13E /* BLEmailTextField.m */ = {isa = PBXFileReference; fileEncoding = 4; lastKnownFileType = sourcecode.c.objc; path = BLEmailTextField.m; sourceTree = "<group>"; };
		65FA992419B4086F0046A13E /* BLNameTextField.h */ = {isa = PBXFileReference; fileEncoding = 4; lastKnownFileType = sourcecode.c.h; path = BLNameTextField.h; sourceTree = "<group>"; };
		65FA992519B4086F0046A13E /* BLNameTextField.m */ = {isa = PBXFileReference; fileEncoding = 4; lastKnownFileType = sourcecode.c.objc; path = BLNameTextField.m; sourceTree = "<group>"; };
		65FA992619B4086F0046A13E /* BLPasswordTextField.h */ = {isa = PBXFileReference; fileEncoding = 4; lastKnownFileType = sourcecode.c.h; path = BLPasswordTextField.h; sourceTree = "<group>"; };
		65FA992719B4086F0046A13E /* BLPasswordTextField.m */ = {isa = PBXFileReference; fileEncoding = 4; lastKnownFileType = sourcecode.c.objc; path = BLPasswordTextField.m; sourceTree = "<group>"; };
		65FA992819B4086F0046A13E /* BLPhoneNumberTextField.h */ = {isa = PBXFileReference; fileEncoding = 4; lastKnownFileType = sourcecode.c.h; path = BLPhoneNumberTextField.h; sourceTree = "<group>"; };
		65FA992919B4086F0046A13E /* BLPhoneNumberTextField.m */ = {isa = PBXFileReference; fileEncoding = 4; lastKnownFileType = sourcecode.c.objc; path = BLPhoneNumberTextField.m; sourceTree = "<group>"; };
		65FA992A19B4086F0046A13E /* BLPostalCodeTextField.h */ = {isa = PBXFileReference; fileEncoding = 4; lastKnownFileType = sourcecode.c.h; path = BLPostalCodeTextField.h; sourceTree = "<group>"; };
		65FA992B19B4086F0046A13E /* BLPostalCodeTextField.m */ = {isa = PBXFileReference; fileEncoding = 4; lastKnownFileType = sourcecode.c.objc; path = BLPostalCodeTextField.m; sourceTree = "<group>"; };
		65FA992C19B4086F0046A13E /* BLStateTextField.h */ = {isa = PBXFileReference; fileEncoding = 4; lastKnownFileType = sourcecode.c.h; path = BLStateTextField.h; sourceTree = "<group>"; };
		65FA992D19B4086F0046A13E /* BLStateTextField.m */ = {isa = PBXFileReference; fileEncoding = 4; lastKnownFileType = sourcecode.c.objc; path = BLStateTextField.m; sourceTree = "<group>"; };
		65FA992E19B4086F0046A13E /* BLTextField.h */ = {isa = PBXFileReference; fileEncoding = 4; lastKnownFileType = sourcecode.c.h; path = BLTextField.h; sourceTree = "<group>"; };
		65FA992F19B4086F0046A13E /* BLTextField.m */ = {isa = PBXFileReference; fileEncoding = 4; lastKnownFileType = sourcecode.c.objc; path = BLTextField.m; sourceTree = "<group>"; };
		65FA993019B4086F0046A13E /* BLTextViewController.h */ = {isa = PBXFileReference; fileEncoding = 4; lastKnownFileType = sourcecode.c.h; path = BLTextViewController.h; sourceTree = "<group>"; };
		65FA993119B4086F0046A13E /* BLTextViewController.m */ = {isa = PBXFileReference; fileEncoding = 4; lastKnownFileType = sourcecode.c.objc; path = BLTextViewController.m; sourceTree = "<group>"; };
		65FA993219B4086F0046A13E /* NSString+BLText.h */ = {isa = PBXFileReference; fileEncoding = 4; lastKnownFileType = sourcecode.c.h; path = "NSString+BLText.h"; sourceTree = "<group>"; };
		65FA993319B4086F0046A13E /* NSString+BLText.m */ = {isa = PBXFileReference; fileEncoding = 4; lastKnownFileType = sourcecode.c.objc; path = "NSString+BLText.m"; sourceTree = "<group>"; };
		65FA993519B4086F0046A13E /* BLInternetLabel.h */ = {isa = PBXFileReference; fileEncoding = 4; lastKnownFileType = sourcecode.c.h; path = BLInternetLabel.h; sourceTree = "<group>"; };
		65FA993619B4086F0046A13E /* BLInternetLabel.m */ = {isa = PBXFileReference; fileEncoding = 4; lastKnownFileType = sourcecode.c.objc; path = BLInternetLabel.m; sourceTree = "<group>"; };
/* End PBXFileReference section */

/* Begin PBXFrameworksBuildPhase section */
		6529390019B378090047D238 /* Frameworks */ = {
			isa = PBXFrameworksBuildPhase;
			buildActionMask = 2147483647;
			files = (
				6529390919B378090047D238 /* CoreGraphics.framework in Frameworks */,
				6529390B19B378090047D238 /* UIKit.framework in Frameworks */,
				65A0B4D719B379B800691AF5 /* ParseFacebookUtils.framework in Frameworks */,
				6529390719B378090047D238 /* Foundation.framework in Frameworks */,
				65A0B4D519B379B800691AF5 /* Bolts.framework in Frameworks */,
				65A0B4D619B379B800691AF5 /* Parse.framework in Frameworks */,
				65FA94E319B3D7930046A13E /* FacebookSDK.framework in Frameworks */,
			);
			runOnlyForDeploymentPostprocessing = 0;
		};
		6529391B19B378090047D238 /* Frameworks */ = {
			isa = PBXFrameworksBuildPhase;
			buildActionMask = 2147483647;
			files = (
				6529392019B378090047D238 /* XCTest.framework in Frameworks */,
				6529392219B378090047D238 /* UIKit.framework in Frameworks */,
				6529392119B378090047D238 /* Foundation.framework in Frameworks */,
			);
			runOnlyForDeploymentPostprocessing = 0;
		};
/* End PBXFrameworksBuildPhase section */

/* Begin PBXGroup section */
		652938FA19B378090047D238 = {
			isa = PBXGroup;
			children = (
				65FA98EF19B4086F0046A13E /* Goodies */,
				6529390C19B378090047D238 /* Project */,
				6529392519B378090047D238 /* ProjectTests */,
				6529390519B378090047D238 /* Frameworks */,
				6529390419B378090047D238 /* Products */,
			);
			sourceTree = "<group>";
		};
		6529390419B378090047D238 /* Products */ = {
			isa = PBXGroup;
			children = (
				6529390319B378090047D238 /* Project.app */,
				6529391E19B378090047D238 /* ProjectTests.xctest */,
			);
			name = Products;
			sourceTree = "<group>";
		};
		6529390519B378090047D238 /* Frameworks */ = {
			isa = PBXGroup;
			children = (
				65FA94E219B3D7930046A13E /* FacebookSDK.framework */,
				65A0B4D219B379B800691AF5 /* Bolts.framework */,
				65A0B4D319B379B800691AF5 /* Parse.framework */,
				65A0B4D419B379B800691AF5 /* ParseFacebookUtils.framework */,
				6529390619B378090047D238 /* Foundation.framework */,
				6529390819B378090047D238 /* CoreGraphics.framework */,
				6529390A19B378090047D238 /* UIKit.framework */,
				6529391F19B378090047D238 /* XCTest.framework */,
			);
			name = Frameworks;
			sourceTree = "<group>";
		};
		6529390C19B378090047D238 /* Project */ = {
			isa = PBXGroup;
			children = (
				6529391519B378090047D238 /* BLAppDelegate.h */,
				6529391619B378090047D238 /* BLAppDelegate.m */,
				6529390D19B378090047D238 /* Supporting Files */,
			);
			path = Project;
			sourceTree = "<group>";
		};
		6529390D19B378090047D238 /* Supporting Files */ = {
			isa = PBXGroup;
			children = (
				6529390E19B378090047D238 /* Project-Info.plist */,
				6529390F19B378090047D238 /* InfoPlist.strings */,
				6529391219B378090047D238 /* main.m */,
				6529391419B378090047D238 /* Project-Prefix.pch */,
			);
			name = "Supporting Files";
			sourceTree = "<group>";
		};
		6529392519B378090047D238 /* ProjectTests */ = {
			isa = PBXGroup;
			children = (
				6529392B19B378090047D238 /* ProjectTests.m */,
				6529392619B378090047D238 /* Supporting Files */,
			);
			path = ProjectTests;
			sourceTree = "<group>";
		};
		6529392619B378090047D238 /* Supporting Files */ = {
			isa = PBXGroup;
			children = (
				6529392719B378090047D238 /* ProjectTests-Info.plist */,
				6529392819B378090047D238 /* InfoPlist.strings */,
			);
			name = "Supporting Files";
			sourceTree = "<group>";
		};
		65B329FE19CA3BFD00937D6B /* Files */ = {
			isa = PBXGroup;
			children = (
				65B329FF19CA3BFD00937D6B /* NSFileManager+Goodies.h */,
				65B32A0019CA3BFD00937D6B /* NSFileManager+Goodies.m */,
			);
			path = Files;
			sourceTree = "<group>";
		};
		65FA98EF19B4086F0046A13E /* Goodies */ = {
			isa = PBXGroup;
			children = (
				65FA98F019B4086F0046A13E /* BaseClasses */,
				65FA98F519B4086F0046A13E /* BLDefines.h */,
				65FA98F619B4086F0046A13E /* BLGoodies.pch */,
				65FA98F719B4086F0046A13E /* BLLogger.h */,
				65FA98F819B4086F0046A13E /* Controllers */,
				65FA98FD19B4086F0046A13E /* CoreData */,
				65FA990019B4086F0046A13E /* BLGoodies.strings */,
				65FA990219B4086F0046A13E /* Internet */,
				65FA990719B4086F0046A13E /* PageControl */,
				65FA990A19B4086F0046A13E /* Parse */,
				65FA991519B4086F0046A13E /* Player  */,
				65B329FE19CA3BFD00937D6B /* Files */,
				65FA991C19B4086F0046A13E /* Queuer */,
				65FA991F19B4086F0046A13E /* Text */,
				65FA993419B4086F0046A13E /* UI */,
			);
			name = Goodies;
			path = ../Goodies;
			sourceTree = "<group>";
		};
		65FA98F019B4086F0046A13E /* BaseClasses */ = {
			isa = PBXGroup;
			children = (
				65FA98F119B4086F0046A13E /* BLObject.h */,
				65FA98F219B4086F0046A13E /* BLObject.m */,
				65FA98F319B4086F0046A13E /* NSObject+Goodies.h */,
				65FA98F419B4086F0046A13E /* NSObject+Goodies.m */,
			);
			path = BaseClasses;
			sourceTree = "<group>";
		};
		65FA98F819B4086F0046A13E /* Controllers */ = {
			isa = PBXGroup;
			children = (
				65FA98F919B4086F0046A13E /* BLTableViewController.h */,
				65FA98FA19B4086F0046A13E /* BLTableViewController.m */,
				65FA98FB19B4086F0046A13E /* BLViewController.h */,
				65FA98FC19B4086F0046A13E /* BLViewController.m */,
			);
			path = Controllers;
			sourceTree = "<group>";
		};
		65FA98FD19B4086F0046A13E /* CoreData */ = {
			isa = PBXGroup;
			children = (
				65FA98FE19B4086F0046A13E /* BLDatabase.h */,
				65FA98FF19B4086F0046A13E /* BLDatabase.m */,
			);
			path = CoreData;
			sourceTree = "<group>";
		};
		65FA990219B4086F0046A13E /* Internet */ = {
			isa = PBXGroup;
			children = (
				65FA990319B4086F0046A13E /* BLInternet.h */,
				65FA990419B4086F0046A13E /* BLInternet.m */,
				65FA990519B4086F0046A13E /* Reachability.h */,
				65FA990619B4086F0046A13E /* Reachability.m */,
			);
			path = Internet;
			sourceTree = "<group>";
		};
		65FA990719B4086F0046A13E /* PageControl */ = {
			isa = PBXGroup;
			children = (
				65FA990819B4086F0046A13E /* BLPageControl.h */,
				65FA990919B4086F0046A13E /* BLPageControl.m */,
			);
			path = PageControl;
			sourceTree = "<group>";
		};
		65FA990A19B4086F0046A13E /* Parse */ = {
			isa = PBXGroup;
			children = (
				65FA990B19B4086F0046A13E /* BLParseObject.h */,
				65FA990C19B4086F0046A13E /* BLParseObject.m */,
				65FA990D19B4086F0046A13E /* BLParseUser.h */,
				65FA990E19B4086F0046A13E /* BLParseUser.m */,
				65FA990F19B4086F0046A13E /* PFCloud+BLCloud.h */,
				65FA991019B4086F0046A13E /* PFCloud+BLCloud.m */,
				65FA991119B4086F0046A13E /* PFObject+BLObject.h */,
				65FA991219B4086F0046A13E /* PFObject+BLObject.m */,
				65FA991319B4086F0046A13E /* PFRole+BLRole.h */,
				65FA991419B4086F0046A13E /* PFRole+BLRole.m */,
			);
			path = Parse;
			sourceTree = "<group>";
		};
		65FA991519B4086F0046A13E /* Player  */ = {
			isa = PBXGroup;
			children = (
				65FA991619B4086F0046A13E /* BLPlayer.h */,
				65FA991719B4086F0046A13E /* BLPlayer.m */,
				65FA991819B4086F0046A13E /* BLPlayerControls.h */,
				65FA991919B4086F0046A13E /* BLPlayerDelegate.h */,
				65FA991A19B4086F0046A13E /* BLVideoView.h */,
				65FA991B19B4086F0046A13E /* BLVideoView.m */,
			);
			path = "Player ";
			sourceTree = "<group>";
		};
		65FA991C19B4086F0046A13E /* Queuer */ = {
			isa = PBXGroup;
			children = (
				65FA991D19B4086F0046A13E /* BLQueuer.h */,
				65FA991E19B4086F0046A13E /* BLQueuer.m */,
			);
			path = Queuer;
			sourceTree = "<group>";
		};
		65FA991F19B4086F0046A13E /* Text */ = {
			isa = PBXGroup;
			children = (
				65FA992019B4086F0046A13E /* BLCityTextField.h */,
				65FA992119B4086F0046A13E /* BLCityTextField.m */,
				65FA992219B4086F0046A13E /* BLEmailTextField.h */,
				65FA992319B4086F0046A13E /* BLEmailTextField.m */,
				65FA992419B4086F0046A13E /* BLNameTextField.h */,
				65FA992519B4086F0046A13E /* BLNameTextField.m */,
				65FA992619B4086F0046A13E /* BLPasswordTextField.h */,
				65FA992719B4086F0046A13E /* BLPasswordTextField.m */,
				65FA992819B4086F0046A13E /* BLPhoneNumberTextField.h */,
				65FA992919B4086F0046A13E /* BLPhoneNumberTextField.m */,
				65FA992A19B4086F0046A13E /* BLPostalCodeTextField.h */,
				65FA992B19B4086F0046A13E /* BLPostalCodeTextField.m */,
				65FA992C19B4086F0046A13E /* BLStateTextField.h */,
				65FA992D19B4086F0046A13E /* BLStateTextField.m */,
				65FA992E19B4086F0046A13E /* BLTextField.h */,
				65FA992F19B4086F0046A13E /* BLTextField.m */,
				65FA993019B4086F0046A13E /* BLTextViewController.h */,
				65FA993119B4086F0046A13E /* BLTextViewController.m */,
				65FA993219B4086F0046A13E /* NSString+BLText.h */,
				65FA993319B4086F0046A13E /* NSString+BLText.m */,
			);
			path = Text;
			sourceTree = "<group>";
		};
		65FA993419B4086F0046A13E /* UI */ = {
			isa = PBXGroup;
			children = (
				65FA993519B4086F0046A13E /* BLInternetLabel.h */,
				65FA993619B4086F0046A13E /* BLInternetLabel.m */,
			);
			path = UI;
			sourceTree = "<group>";
		};
/* End PBXGroup section */

/* Begin PBXNativeTarget section */
		6529390219B378090047D238 /* Project */ = {
			isa = PBXNativeTarget;
			buildConfigurationList = 6529392F19B378090047D238 /* Build configuration list for PBXNativeTarget "Project" */;
			buildPhases = (
				652938FF19B378090047D238 /* Sources */,
				6529390019B378090047D238 /* Frameworks */,
				6529390119B378090047D238 /* Resources */,
			);
			buildRules = (
			);
			dependencies = (
			);
			name = Project;
			productName = Project;
			productReference = 6529390319B378090047D238 /* Project.app */;
			productType = "com.apple.product-type.application";
		};
		6529391D19B378090047D238 /* ProjectTests */ = {
			isa = PBXNativeTarget;
			buildConfigurationList = 6529393219B378090047D238 /* Build configuration list for PBXNativeTarget "ProjectTests" */;
			buildPhases = (
				6529391A19B378090047D238 /* Sources */,
				6529391B19B378090047D238 /* Frameworks */,
				6529391C19B378090047D238 /* Resources */,
			);
			buildRules = (
			);
			dependencies = (
				6529392419B378090047D238 /* PBXTargetDependency */,
			);
			name = ProjectTests;
			productName = ProjectTests;
			productReference = 6529391E19B378090047D238 /* ProjectTests.xctest */;
			productType = "com.apple.product-type.bundle.unit-test";
		};
/* End PBXNativeTarget section */

/* Begin PBXProject section */
		652938FB19B378090047D238 /* Project object */ = {
			isa = PBXProject;
			attributes = {
				CLASSPREFIX = BL;
				LastUpgradeCheck = 0510;
				ORGANIZATIONNAME = "Bell App Lab";
				TargetAttributes = {
					6529391D19B378090047D238 = {
						TestTargetID = 6529390219B378090047D238;
					};
				};
			};
			buildConfigurationList = 652938FE19B378090047D238 /* Build configuration list for PBXProject "Project" */;
			compatibilityVersion = "Xcode 3.2";
			developmentRegion = English;
			hasScannedForEncodings = 0;
			knownRegions = (
				en,
				pt,
			);
			mainGroup = 652938FA19B378090047D238;
			productRefGroup = 6529390419B378090047D238 /* Products */;
			projectDirPath = "";
			projectRoot = "";
			targets = (
				6529390219B378090047D238 /* Project */,
				6529391D19B378090047D238 /* ProjectTests */,
			);
		};
/* End PBXProject section */

/* Begin PBXResourcesBuildPhase section */
		6529390119B378090047D238 /* Resources */ = {
			isa = PBXResourcesBuildPhase;
			buildActionMask = 2147483647;
			files = (
				6529391119B378090047D238 /* InfoPlist.strings in Resources */,
				65FA993C19B4086F0046A13E /* BLGoodies.strings in Resources */,
			);
			runOnlyForDeploymentPostprocessing = 0;
		};
		6529391C19B378090047D238 /* Resources */ = {
			isa = PBXResourcesBuildPhase;
			buildActionMask = 2147483647;
			files = (
				6529392A19B378090047D238 /* InfoPlist.strings in Resources */,
			);
			runOnlyForDeploymentPostprocessing = 0;
		};
/* End PBXResourcesBuildPhase section */

/* Begin PBXSourcesBuildPhase section */
		652938FF19B378090047D238 /* Sources */ = {
			isa = PBXSourcesBuildPhase;
			buildActionMask = 2147483647;
			files = (
				65FA994519B4086F0046A13E /* BLPlayer.m in Sources */,
				65FA993A19B4086F0046A13E /* BLViewController.m in Sources */,
				65FA995119B4086F0046A13E /* NSString+BLText.m in Sources */,
				6529391719B378090047D238 /* BLAppDelegate.m in Sources */,
				65FA994819B4086F0046A13E /* BLCityTextField.m in Sources */,
				65FA994A19B4086F0046A13E /* BLNameTextField.m in Sources */,
				65FA993719B4086F0046A13E /* BLObject.m in Sources */,
				65FA994419B4086F0046A13E /* PFRole+BLRole.m in Sources */,
				65FA994319B4086F0046A13E /* PFObject+BLObject.m in Sources */,
				65FA993819B4086F0046A13E /* NSObject+Goodies.m in Sources */,
				65FA993919B4086F0046A13E /* BLTableViewController.m in Sources */,
				6529391319B378090047D238 /* main.m in Sources */,
				65FA993D19B4086F0046A13E /* BLInternet.m in Sources */,
				65B32A0119CA3BFD00937D6B /* NSFileManager+Goodies.m in Sources */,
				65FA994619B4086F0046A13E /* BLVideoView.m in Sources */,
				65FA994919B4086F0046A13E /* BLEmailTextField.m in Sources */,
				65FA994C19B4086F0046A13E /* BLPhoneNumberTextField.m in Sources */,
				65FA993E19B4086F0046A13E /* Reachability.m in Sources */,
				65FA994E19B4086F0046A13E /* BLStateTextField.m in Sources */,
				65FA994119B4086F0046A13E /* BLParseUser.m in Sources */,
				65FA994019B4086F0046A13E /* BLParseObject.m in Sources */,
				65FA994719B4086F0046A13E /* BLQueuer.m in Sources */,
				65FA994B19B4086F0046A13E /* BLPasswordTextField.m in Sources */,
				65FA994219B4086F0046A13E /* PFCloud+BLCloud.m in Sources */,
				65FA993F19B4086F0046A13E /* BLPageControl.m in Sources */,
				65FA994F19B4086F0046A13E /* BLTextField.m in Sources */,
				65FA993B19B4086F0046A13E /* BLDatabase.m in Sources */,
				65FA995219B4086F0046A13E /* BLInternetLabel.m in Sources */,
				65FA994D19B4086F0046A13E /* BLPostalCodeTextField.m in Sources */,
				65FA995019B4086F0046A13E /* BLTextViewController.m in Sources */,
			);
			runOnlyForDeploymentPostprocessing = 0;
		};
		6529391A19B378090047D238 /* Sources */ = {
			isa = PBXSourcesBuildPhase;
			buildActionMask = 2147483647;
			files = (
				6529392C19B378090047D238 /* ProjectTests.m in Sources */,
			);
			runOnlyForDeploymentPostprocessing = 0;
		};
/* End PBXSourcesBuildPhase section */

/* Begin PBXTargetDependency section */
		6529392419B378090047D238 /* PBXTargetDependency */ = {
			isa = PBXTargetDependency;
			target = 6529390219B378090047D238 /* Project */;
			targetProxy = 6529392319B378090047D238 /* PBXContainerItemProxy */;
		};
/* End PBXTargetDependency section */

/* Begin PBXVariantGroup section */
		6529390F19B378090047D238 /* InfoPlist.strings */ = {
			isa = PBXVariantGroup;
			children = (
				6529391019B378090047D238 /* en */,
				65CD32F019BD49B90016E600 /* pt */,
			);
			name = InfoPlist.strings;
			sourceTree = "<group>";
		};
		6529392819B378090047D238 /* InfoPlist.strings */ = {
			isa = PBXVariantGroup;
			children = (
				6529392919B378090047D238 /* en */,
				65CD32F119BD49B90016E600 /* pt */,
			);
			name = InfoPlist.strings;
			sourceTree = "<group>";
		};
		65FA990019B4086F0046A13E /* BLGoodies.strings */ = {
			isa = PBXVariantGroup;
			children = (
				65FA990119B4086F0046A13E /* en */,
				65CD32EF19BD49B90016E600 /* pt */,
			);
			name = BLGoodies.strings;
			sourceTree = "<group>";
		};
/* End PBXVariantGroup section */

/* Begin XCBuildConfiguration section */
		6529392D19B378090047D238 /* Debug */ = {
			isa = XCBuildConfiguration;
			buildSettings = {
				ALWAYS_SEARCH_USER_PATHS = NO;
				CLANG_CXX_LANGUAGE_STANDARD = "gnu++0x";
				CLANG_CXX_LIBRARY = "libc++";
				CLANG_ENABLE_MODULES = YES;
				CLANG_ENABLE_OBJC_ARC = YES;
				CLANG_WARN_BOOL_CONVERSION = YES;
				CLANG_WARN_CONSTANT_CONVERSION = YES;
				CLANG_WARN_DIRECT_OBJC_ISA_USAGE = YES_ERROR;
				CLANG_WARN_EMPTY_BODY = YES;
				CLANG_WARN_ENUM_CONVERSION = YES;
				CLANG_WARN_INT_CONVERSION = YES;
				CLANG_WARN_OBJC_ROOT_CLASS = YES_ERROR;
				CLANG_WARN__DUPLICATE_METHOD_MATCH = YES;
				"CODE_SIGN_IDENTITY[sdk=iphoneos*]" = "iPhone Developer";
				COPY_PHASE_STRIP = NO;
				GCC_C_LANGUAGE_STANDARD = gnu99;
				GCC_DYNAMIC_NO_PIC = NO;
				GCC_OPTIMIZATION_LEVEL = 0;
				GCC_PREPROCESSOR_DEFINITIONS = (
					"DEBUG=1",
					"$(inherited)",
				);
				GCC_SYMBOLS_PRIVATE_EXTERN = NO;
				GCC_WARN_64_TO_32_BIT_CONVERSION = YES;
				GCC_WARN_ABOUT_RETURN_TYPE = YES_ERROR;
				GCC_WARN_UNDECLARED_SELECTOR = YES;
				GCC_WARN_UNINITIALIZED_AUTOS = YES_AGGRESSIVE;
				GCC_WARN_UNUSED_FUNCTION = YES;
				GCC_WARN_UNUSED_VARIABLE = YES;
				IPHONEOS_DEPLOYMENT_TARGET = 7.1;
				ONLY_ACTIVE_ARCH = YES;
				SDKROOT = iphoneos;
				TARGETED_DEVICE_FAMILY = "1,2";
			};
			name = Debug;
		};
		6529392E19B378090047D238 /* Release */ = {
			isa = XCBuildConfiguration;
			buildSettings = {
				ALWAYS_SEARCH_USER_PATHS = NO;
				CLANG_CXX_LANGUAGE_STANDARD = "gnu++0x";
				CLANG_CXX_LIBRARY = "libc++";
				CLANG_ENABLE_MODULES = YES;
				CLANG_ENABLE_OBJC_ARC = YES;
				CLANG_WARN_BOOL_CONVERSION = YES;
				CLANG_WARN_CONSTANT_CONVERSION = YES;
				CLANG_WARN_DIRECT_OBJC_ISA_USAGE = YES_ERROR;
				CLANG_WARN_EMPTY_BODY = YES;
				CLANG_WARN_ENUM_CONVERSION = YES;
				CLANG_WARN_INT_CONVERSION = YES;
				CLANG_WARN_OBJC_ROOT_CLASS = YES_ERROR;
				CLANG_WARN__DUPLICATE_METHOD_MATCH = YES;
				"CODE_SIGN_IDENTITY[sdk=iphoneos*]" = "iPhone Developer";
				COPY_PHASE_STRIP = YES;
				ENABLE_NS_ASSERTIONS = NO;
				GCC_C_LANGUAGE_STANDARD = gnu99;
				GCC_WARN_64_TO_32_BIT_CONVERSION = YES;
				GCC_WARN_ABOUT_RETURN_TYPE = YES_ERROR;
				GCC_WARN_UNDECLARED_SELECTOR = YES;
				GCC_WARN_UNINITIALIZED_AUTOS = YES_AGGRESSIVE;
				GCC_WARN_UNUSED_FUNCTION = YES;
				GCC_WARN_UNUSED_VARIABLE = YES;
				IPHONEOS_DEPLOYMENT_TARGET = 7.1;
				SDKROOT = iphoneos;
				TARGETED_DEVICE_FAMILY = "1,2";
				VALIDATE_PRODUCT = YES;
			};
			name = Release;
		};
		6529393019B378090047D238 /* Debug */ = {
			isa = XCBuildConfiguration;
			buildSettings = {
				FRAMEWORK_SEARCH_PATHS = (
					"$(inherited)",
					"/Users/andre/Arquivos/BellAppLab/07_extensões/Parse",
					"$(PROJECT_DIR)",
					"/Users/andre/Arquivos/BellAppLab/08_github/facebook-ios-sdk/build",
				);
				GCC_PRECOMPILE_PREFIX_HEADER = YES;
				GCC_PREFIX_HEADER = "Project/Project-Prefix.pch";
				INFOPLIST_FILE = "Project/Project-Info.plist";
				PRODUCT_NAME = "$(TARGET_NAME)";
				WRAPPER_EXTENSION = app;
			};
			name = Debug;
		};
		6529393119B378090047D238 /* Release */ = {
			isa = XCBuildConfiguration;
			buildSettings = {
				FRAMEWORK_SEARCH_PATHS = (
					"$(inherited)",
					"/Users/andre/Arquivos/BellAppLab/07_extensões/Parse",
					"$(PROJECT_DIR)",
					"/Users/andre/Arquivos/BellAppLab/08_github/facebook-ios-sdk/build",
				);
				GCC_PRECOMPILE_PREFIX_HEADER = YES;
				GCC_PREFIX_HEADER = "Project/Project-Prefix.pch";
				INFOPLIST_FILE = "Project/Project-Info.plist";
				PRODUCT_NAME = "$(TARGET_NAME)";
				WRAPPER_EXTENSION = app;
			};
			name = Release;
		};
		6529393319B378090047D238 /* Debug */ = {
			isa = XCBuildConfiguration;
			buildSettings = {
				BUNDLE_LOADER = "$(BUILT_PRODUCTS_DIR)/Project.app/Project";
				FRAMEWORK_SEARCH_PATHS = (
					"$(SDKROOT)/Developer/Library/Frameworks",
					"$(inherited)",
					"$(DEVELOPER_FRAMEWORKS_DIR)",
				);
				GCC_PRECOMPILE_PREFIX_HEADER = YES;
				GCC_PREFIX_HEADER = "Project/Project-Prefix.pch";
				GCC_PREPROCESSOR_DEFINITIONS = (
					"DEBUG=1",
					"$(inherited)",
				);
				INFOPLIST_FILE = "ProjectTests/ProjectTests-Info.plist";
				PRODUCT_NAME = "$(TARGET_NAME)";
				TEST_HOST = "$(BUNDLE_LOADER)";
				WRAPPER_EXTENSION = xctest;
			};
			name = Debug;
		};
		6529393419B378090047D238 /* Release */ = {
			isa = XCBuildConfiguration;
			buildSettings = {
				BUNDLE_LOADER = "$(BUILT_PRODUCTS_DIR)/Project.app/Project";
				FRAMEWORK_SEARCH_PATHS = (
					"$(SDKROOT)/Developer/Library/Frameworks",
					"$(inherited)",
					"$(DEVELOPER_FRAMEWORKS_DIR)",
				);
				GCC_PRECOMPILE_PREFIX_HEADER = YES;
				GCC_PREFIX_HEADER = "Project/Project-Prefix.pch";
				INFOPLIST_FILE = "ProjectTests/ProjectTests-Info.plist";
				PRODUCT_NAME = "$(TARGET_NAME)";
				TEST_HOST = "$(BUNDLE_LOADER)";
				WRAPPER_EXTENSION = xctest;
			};
			name = Release;
		};
/* End XCBuildConfiguration section */

/* Begin XCConfigurationList section */
		652938FE19B378090047D238 /* Build configuration list for PBXProject "Project" */ = {
			isa = XCConfigurationList;
			buildConfigurations = (
				6529392D19B378090047D238 /* Debug */,
				6529392E19B378090047D238 /* Release */,
			);
			defaultConfigurationIsVisible = 0;
			defaultConfigurationName = Release;
		};
		6529392F19B378090047D238 /* Build configuration list for PBXNativeTarget "Project" */ = {
			isa = XCConfigurationList;
			buildConfigurations = (
				6529393019B378090047D238 /* Debug */,
				6529393119B378090047D238 /* Release */,
			);
			defaultConfigurationIsVisible = 0;
			defaultConfigurationName = Release;
		};
		6529393219B378090047D238 /* Build configuration list for PBXNativeTarget "ProjectTests" */ = {
			isa = XCConfigurationList;
			buildConfigurations = (
				6529393319B378090047D238 /* Debug */,
				6529393419B378090047D238 /* Release */,
			);
			defaultConfigurationIsVisible = 0;
			defaultConfigurationName = Release;
		};
/* End XCConfigurationList section */
	};
	rootObject = 652938FB19B378090047D238 /* Project object */;
}
